
Microsoft Visual Studio Solution File, Format Version 12.00
# Visual Studio Version 17
VisualStudioVersion = 17.9.34728.123
MinimumVisualStudioVersion = 10.0.40219.1
Project("{9A19103F-16F7-4668-BE54-9A1E7A4F7556}") = "HONATIMEPIECES", "HONATIMEPIECES\HONATIMEPIECES.csproj", "{7FD0A1D1-5392-4756-BC27-D554D1B27674}"
EndProject
Project("{FAE04EC0-301F-11D3-BF4B-00C04F79EFBC}") = "SharedClassLibrary", "SharedClassLibrary\SharedClassLibrary.csproj", "{4BCF3ECD-F5D7-4C67-9AD4-968DDCE5AACE}"
EndProject
Global
	GlobalSection(SolutionConfigurationPlatforms) = preSolution
		Debug|Any CPU = Debug|Any CPU
		Release|Any CPU = Release|Any CPU
	EndGlobalSection
	GlobalSection(ProjectConfigurationPlatforms) = postSolution
		{7FD0A1D1-5392-4756-BC27-D554D1B27674}.Debug|Any CPU.ActiveCfg = Debug|Any CPU
		{7FD0A1D1-5392-4756-BC27-D554D1B27674}.Debug|Any CPU.Build.0 = Debug|Any CPU
		{7FD0A1D1-5392-4756-BC27-D554D1B27674}.Release|Any CPU.ActiveCfg = Release|Any CPU
		{7FD0A1D1-5392-4756-BC27-D554D1B27674}.Release|Any CPU.Build.0 = Release|Any CPU
		{4BCF3ECD-F5D7-4C67-9AD4-968DDCE5AACE}.Debug|Any CPU.ActiveCfg = Debug|Any CPU
		{4BCF3ECD-F5D7-4C67-9AD4-968DDCE5AACE}.Debug|Any CPU.Build.0 = Debug|Any CPU
		{4BCF3ECD-F5D7-4C67-9AD4-968DDCE5AACE}.Release|Any CPU.ActiveCfg = Release|Any CPU
		{4BCF3ECD-F5D7-4C67-9AD4-968DDCE5AACE}.Release|Any CPU.Build.0 = Release|Any CPU
	EndGlobalSection
	GlobalSection(SolutionProperties) = preSolution
		HideSolutionNode = FALSE
	EndGlobalSection
	GlobalSection(ExtensibilityGlobals) = postSolution
		SolutionGuid = {F852B727-2C46-4023-8DC4-7833AB0574D7}
	EndGlobalSection
EndGlobal
